PODS:
  - Flutter (1.0.0)
  - save_in_gallery (0.0.1):
    - Flutter

DEPENDENCIES:
  - Flutter (from `Flutter`)
  - save_in_gallery (from `.symlinks/plugins/save_in_gallery/ios`)

EXTERNAL SOURCES:
  Flutter:
    :path: Flutter
  save_in_gallery:
    :path: ".symlinks/plugins/save_in_gallery/ios"

SPEC CHECKSUMS:
  Flutter: 434fef37c0980e73bb6479ef766c45957d4b510c
  save_in_gallery: 75c1d76566ed1af3a266f25b38c6c19a1d019a66

PODFILE CHECKSUM: aafe91acc616949ddb318b77800a7f51bffa2a4c

COCOAPODS: 1.10.1
